
Microsoft Visual Studio Solution File, Format Version 12.00
# Visual Studio Version 17
VisualStudioVersion = 17.1.32328.378
MinimumVisualStudioVersion = 10.0.40219.1
Project("{FAE04EC0-301F-11D3-BF4B-00C04F79EFBC}") = "DieRoller", "DieRoller\DieRoller.csproj", "{454FDC96-45E0-4C9A-9EF3-4E9D67E5D0E0}"
EndProject
Global
	GlobalSection(SolutionConfigurationPlatforms) = preSolution
		Debug|Any CPU = Debug|Any CPU
		Release|Any CPU = Release|Any CPU
	EndGlobalSection
	GlobalSection(ProjectConfigurationPlatforms) = postSolution
		{454FDC96-45E0-4C9A-9EF3-4E9D67E5D0E0}.Debug|Any CPU.ActiveCfg = Debug|Any CPU
		{454FDC96-45E0-4C9A-9EF3-4E9D67E5D0E0}.Debug|Any CPU.Build.0 = Debug|Any CPU
		{454FDC96-45E0-4C9A-9EF3-4E9D67E5D0E0}.Release|Any CPU.ActiveCfg = Release|Any CPU
		{454FDC96-45E0-4C9A-9EF3-4E9D67E5D0E0}.Release|Any CPU.Build.0 = Release|Any CPU
	EndGlobalSection
	GlobalSection(SolutionProperties) = preSolution
		HideSolutionNode = FALSE
	EndGlobalSection
	GlobalSection(ExtensibilityGlobals) = postSolution
		SolutionGuid = {97932724-2C4A-493A-8185-937FF315E80B}
	EndGlobalSection
EndGlobal
